
Microsoft Visual Studio Solution File, Format Version 12.00
# Visual Studio Version 17
VisualStudioVersion = 17.5.002.0
MinimumVisualStudioVersion = 10.0.40219.1
Project("{9A19103F-16F7-4668-BE54-9A1E7A4F7556}") = "analise_de_complexidade", "analise_complexidade\analise_de_complexidade.csproj", "{F210BB49-39E4-4346-B086-9CA1D9081B6E}"
EndProject
Project("{9A19103F-16F7-4668-BE54-9A1E7A4F7556}") = "colecttions_implementação", "colecttions_implementação\colecttions_implementação.csproj", "{6BADF405-B807-4224-9A73-3EC9C7345AA8}"
EndProject
Project("{9A19103F-16F7-4668-BE54-9A1E7A4F7556}") = "biblioteca", "biblioteca_livros_implementação\biblioteca.csproj", "{89507DD3-C361-40A0-A7BD-09B3CD0D236A}"
EndProject
Project("{9A19103F-16F7-4668-BE54-9A1E7A4F7556}") = "algoritimos_ordenação", "algoritimos_ordenação\algoritimos_ordenação.csproj", "{9D2B2E1E-3ACE-48D2-A911-B9724EF4CEBA}"
EndProject
Project("{9A19103F-16F7-4668-BE54-9A1E7A4F7556}") = "algotirimos_ordenaçao_2", "algotirimos_ordenaçao_2\algotirimos_ordenaçao_2.csproj", "{FEF260CC-1331-4F0C-8BBD-1740434EB78A}"
EndProject
Project("{2150E333-8FDC-42A3-9474-1A3956D46DE8}") = "recursividade", "recursividade", "{50B08A5F-CC6D-472D-B447-2440A78D935B}"
EndProject
Project("{9A19103F-16F7-4668-BE54-9A1E7A4F7556}") = "ex1", "recursividade\exercicio_1\ex1.csproj", "{41E36D70-3379-49BF-B19C-F3EDF02211DF}"
EndProject
Project("{9A19103F-16F7-4668-BE54-9A1E7A4F7556}") = "ex2", "recursividade\exercicio_2\ex2.csproj", "{7740CE47-2495-4555-A3DB-388BBBA51DAE}"
EndProject
Project("{9A19103F-16F7-4668-BE54-9A1E7A4F7556}") = "ex3", "recursividade\exercicio_3\ex3.csproj", "{46B98E32-44BE-4A79-BC50-4A9A556B3DC2}"
EndProject
Project("{9A19103F-16F7-4668-BE54-9A1E7A4F7556}") = "ex4", "recursividade\exercicio_4\ex4.csproj", "{D317A0BF-A584-4F32-AE21-49989923D3A3}"
EndProject
Project("{9A19103F-16F7-4668-BE54-9A1E7A4F7556}") = "ex5", "recursividade\exercicio_5\ex5.csproj", "{4B8A118A-8DC9-46CE-A3C8-CB45C96DFAE3}"
EndProject
Project("{9A19103F-16F7-4668-BE54-9A1E7A4F7556}") = "ex7", "recursividade\exercicio_7\ex7.csproj", "{3C7F4E75-EA6F-4F20-AB3A-30614A868408}"
EndProject
Project("{9A19103F-16F7-4668-BE54-9A1E7A4F7556}") = "ex6", "recursividade\exercicio_6\ex6.csproj", "{B2104C22-FC60-46B0-B718-5D1986D1D3F5}"
EndProject
Project("{2150E333-8FDC-42A3-9474-1A3956D46DE8}") = "orientação_objetos", "orientação_objetos", "{6DCDC158-78B0-4E8E-911A-1D0C4424F123}"
EndProject
Project("{9A19103F-16F7-4668-BE54-9A1E7A4F7556}") = "ex6", "orientação_objetos\exercicio_6\ex6.csproj", "{209EDA58-346D-4D84-B10A-116C0F6ADBCC}"
EndProject
Project("{9A19103F-16F7-4668-BE54-9A1E7A4F7556}") = "ex2", "orientação_objetos\exercicio_2\ex2.csproj", "{5FD29D73-5C7D-491A-B1A8-E5CA9EF96CEB}"
EndProject
Project("{9A19103F-16F7-4668-BE54-9A1E7A4F7556}") = "ex1", "orientação_objetos\exercicio_1\ex1.csproj", "{4E7308F8-B475-4D44-B88D-80939EF38FDD}"
EndProject
Project("{9A19103F-16F7-4668-BE54-9A1E7A4F7556}") = "ex5", "orientação_objetos\exercicio_5\ex5.csproj", "{8BB2D079-8080-4912-9370-134D7B6837FE}"
EndProject
Project("{9A19103F-16F7-4668-BE54-9A1E7A4F7556}") = "ex3", "orientação_objetos\exercicio_3\ex3.csproj", "{F49217CD-AFDD-4A2A-B7F5-7CDF1572AF10}"
EndProject
Project("{2150E333-8FDC-42A3-9474-1A3956D46DE8}") = "lista_listadupla", "lista_listadupla", "{AE96F989-81AF-4AC0-B125-52DE077480E7}"
EndProject
Project("{9A19103F-16F7-4668-BE54-9A1E7A4F7556}") = "exercicio_1", "lista_listadupla\exercicio_1\exercicio_1.csproj", "{593E38B0-2805-41FC-88DA-F6089CC452B7}"
EndProject
Project("{9A19103F-16F7-4668-BE54-9A1E7A4F7556}") = "exercicio_2", "lista_listadupla\exercicio_2\exercicio_2.csproj", "{B87CE8A5-2C42-48B4-A2A4-CB19DE414FA9}"
EndProject
Project("{9A19103F-16F7-4668-BE54-9A1E7A4F7556}") = "exercicio_3", "lista_listadupla\exercicio_3\exercicio_3.csproj", "{83E4F461-3C88-4522-B827-F00FE3896666}"
EndProject
Project("{9A19103F-16F7-4668-BE54-9A1E7A4F7556}") = "exercicio_4", "lista_listadupla\exercicio_4\exercicio_4.csproj", "{CDD71BCC-636B-4E6D-84F3-45BEC69A0A1D}"
EndProject
Project("{9A19103F-16F7-4668-BE54-9A1E7A4F7556}") = "exercicio_5", "lista_listadupla\exercicio_5\exercicio_5.csproj", "{209DD529-D9D6-4DC7-8846-F6B7A3520E9D}"
EndProject
Project("{2150E333-8FDC-42A3-9474-1A3956D46DE8}") = "colecttions", "colecttions", "{C627CDBA-375A-43EB-8E7F-4B9ED92CE741}"
EndProject
Project("{2150E333-8FDC-42A3-9474-1A3956D46DE8}") = "estruturas_lineares", "estruturas_lineares", "{394368C1-85F8-439B-8EA7-9114AE712472}"
EndProject
Project("{9A19103F-16F7-4668-BE54-9A1E7A4F7556}") = "exercicio_1", "colecttions\estruturas_lineares\exercicio_1\exercicio_1.csproj", "{9E352A06-A31E-474F-94C4-A4CC9DD44858}"
EndProject
Project("{9A19103F-16F7-4668-BE54-9A1E7A4F7556}") = "exercicio_2", "colecttions\estruturas_lineares\exercicio_2\exercicio_2.csproj", "{A4DF04CD-3F1F-476D-8446-7FA81B06A13C}"
EndProject
Project("{9A19103F-16F7-4668-BE54-9A1E7A4F7556}") = "exercicio_3", "colecttions\estruturas_lineares\exercicio_3\exercicio_3.csproj", "{D273477A-DDEE-4CBC-99B1-64CB3F5A85DB}"
EndProject
Project("{9A19103F-16F7-4668-BE54-9A1E7A4F7556}") = "exercicio_4", "colecttions\estruturas_lineares\exercicio_4\exercicio_4.csproj", "{D2A091E4-537B-46FD-813D-C562C95E9CCA}"
EndProject
Project("{9A19103F-16F7-4668-BE54-9A1E7A4F7556}") = "exercicio_5", "colecttions\estruturas_lineares\exercicio_5\exercicio_5.csproj", "{286D43CC-9856-40F1-A8FE-910372DDBE4D}"
EndProject
Project("{9A19103F-16F7-4668-BE54-9A1E7A4F7556}") = "exercicio_6", "colecttions\estruturas_lineares\exercicio_6\exercicio_6.csproj", "{F6D92340-D462-4504-86F5-5301C40E66FD}"
EndProject
Project("{9A19103F-16F7-4668-BE54-9A1E7A4F7556}") = "exercicio_7", "colecttions\estruturas_lineares\exercicio_7\exercicio_7.csproj", "{E2BEEF14-F167-47D0-BEBA-742828CC98D1}"
EndProject
Project("{2150E333-8FDC-42A3-9474-1A3956D46DE8}") = "colecttions_1", "colecttions_1", "{8351F183-B722-4F10-B66C-D70011B1456E}"
EndProject
Project("{9A19103F-16F7-4668-BE54-9A1E7A4F7556}") = "ex2", "colecttions\colecttions_1\exercicio_2\ex2.csproj", "{53ED80D6-B4F7-4CD6-AF7A-BE93C47BDB2A}"
EndProject
Project("{9A19103F-16F7-4668-BE54-9A1E7A4F7556}") = "ex1", "colecttions\colecttions_1\exercicio_1\ex1.csproj", "{8496EC39-FC16-426E-9816-50A2E0E6EA03}"
EndProject
Project("{2150E333-8FDC-42A3-9474-1A3956D46DE8}") = "colecttions_2", "colecttions_2", "{8B60AC98-92D1-48B1-A69E-9D8CC34CD9A0}"
EndProject
Project("{9A19103F-16F7-4668-BE54-9A1E7A4F7556}") = "exercicio-2", "colecttions\colecttions_2\exercicio_2\exercicio-2.csproj", "{9FC9D1AD-6A07-458E-BC4A-CF43C4922327}"
EndProject
Project("{9A19103F-16F7-4668-BE54-9A1E7A4F7556}") = "exercicio-3", "colecttions\colecttions_2\exercicio_3\exercicio-3.csproj", "{E1002609-D302-4D1B-B099-3C2427BF141D}"
EndProject
Project("{9A19103F-16F7-4668-BE54-9A1E7A4F7556}") = "exercicio-4", "colecttions\colecttions_2\exercicio_4\exercicio-4.csproj", "{254C834B-80CB-4E1D-978B-BFF7054E0865}"
EndProject
Project("{9A19103F-16F7-4668-BE54-9A1E7A4F7556}") = "exercicio-5", "colecttions\colecttions_2\exercicio_5\exercicio-5.csproj", "{A5A5BC37-C263-4DF6-BE53-FD0DEC5A6147}"
EndProject
Project("{9A19103F-16F7-4668-BE54-9A1E7A4F7556}") = "exercicio-1", "colecttions\colecttions_2\exercicio_1\exercicio-1.csproj", "{7E5E30BD-394F-464F-97FB-7E39B8698C42}"
EndProject
Project("{2150E333-8FDC-42A3-9474-1A3956D46DE8}") = "estruturas_lineares_flexiveis", "estruturas_lineares_flexiveis", "{21D83A16-B170-4A94-BE27-62592E4A4B24}"
EndProject
Project("{9A19103F-16F7-4668-BE54-9A1E7A4F7556}") = "exercicio_1", "colecttions\estruturas_lineares_flexiveis\exercicio_1\exercicio_1.csproj", "{6D4F8AEC-DF18-4A5E-9F00-C39E7E559F7C}"
EndProject
Project("{9A19103F-16F7-4668-BE54-9A1E7A4F7556}") = "exercicio_2", "colecttions\estruturas_lineares_flexiveis\exercicio_2\exercicio_2.csproj", "{9918DC4A-5D48-4398-BA34-C367A3B6064A}"
EndProject
Project("{9A19103F-16F7-4668-BE54-9A1E7A4F7556}") = "exercicio_3", "colecttions\estruturas_lineares_flexiveis\exercicio_3\exercicio_3.csproj", "{970AFA9E-C337-4B2C-88BD-44889E60BA10}"
EndProject
Project("{9A19103F-16F7-4668-BE54-9A1E7A4F7556}") = "exercicio_4", "colecttions\estruturas_lineares_flexiveis\exercicio_4\exercicio_4.csproj", "{B1A91B0F-1DEC-42DC-A3C0-5D5C9D63E88A}"
EndProject
Project("{9A19103F-16F7-4668-BE54-9A1E7A4F7556}") = "exercicio_5", "colecttions\estruturas_lineares_flexiveis\exercicio_5\exercicio_5.csproj", "{6B1508C6-5DD3-4BAE-AA2E-FADF891C85A1}"
EndProject
Global
	GlobalSection(SolutionConfigurationPlatforms) = preSolution
		Debug|Any CPU = Debug|Any CPU
		Release|Any CPU = Release|Any CPU
	EndGlobalSection
	GlobalSection(ProjectConfigurationPlatforms) = postSolution
		{F210BB49-39E4-4346-B086-9CA1D9081B6E}.Debug|Any CPU.ActiveCfg = Debug|Any CPU
		{F210BB49-39E4-4346-B086-9CA1D9081B6E}.Debug|Any CPU.Build.0 = Debug|Any CPU
		{F210BB49-39E4-4346-B086-9CA1D9081B6E}.Release|Any CPU.ActiveCfg = Release|Any CPU
		{F210BB49-39E4-4346-B086-9CA1D9081B6E}.Release|Any CPU.Build.0 = Release|Any CPU
		{6BADF405-B807-4224-9A73-3EC9C7345AA8}.Debug|Any CPU.ActiveCfg = Debug|Any CPU
		{6BADF405-B807-4224-9A73-3EC9C7345AA8}.Debug|Any CPU.Build.0 = Debug|Any CPU
		{6BADF405-B807-4224-9A73-3EC9C7345AA8}.Release|Any CPU.ActiveCfg = Release|Any CPU
		{6BADF405-B807-4224-9A73-3EC9C7345AA8}.Release|Any CPU.Build.0 = Release|Any CPU
		{89507DD3-C361-40A0-A7BD-09B3CD0D236A}.Debug|Any CPU.ActiveCfg = Debug|Any CPU
		{89507DD3-C361-40A0-A7BD-09B3CD0D236A}.Debug|Any CPU.Build.0 = Debug|Any CPU
		{89507DD3-C361-40A0-A7BD-09B3CD0D236A}.Release|Any CPU.ActiveCfg = Release|Any CPU
		{89507DD3-C361-40A0-A7BD-09B3CD0D236A}.Release|Any CPU.Build.0 = Release|Any CPU
		{9D2B2E1E-3ACE-48D2-A911-B9724EF4CEBA}.Debug|Any CPU.ActiveCfg = Debug|Any CPU
		{9D2B2E1E-3ACE-48D2-A911-B9724EF4CEBA}.Debug|Any CPU.Build.0 = Debug|Any CPU
		{9D2B2E1E-3ACE-48D2-A911-B9724EF4CEBA}.Release|Any CPU.ActiveCfg = Release|Any CPU
		{9D2B2E1E-3ACE-48D2-A911-B9724EF4CEBA}.Release|Any CPU.Build.0 = Release|Any CPU
		{FEF260CC-1331-4F0C-8BBD-1740434EB78A}.Debug|Any CPU.ActiveCfg = Debug|Any CPU
		{FEF260CC-1331-4F0C-8BBD-1740434EB78A}.Debug|Any CPU.Build.0 = Debug|Any CPU
		{FEF260CC-1331-4F0C-8BBD-1740434EB78A}.Release|Any CPU.ActiveCfg = Release|Any CPU
		{FEF260CC-1331-4F0C-8BBD-1740434EB78A}.Release|Any CPU.Build.0 = Release|Any CPU
		{41E36D70-3379-49BF-B19C-F3EDF02211DF}.Debug|Any CPU.ActiveCfg = Debug|Any CPU
		{41E36D70-3379-49BF-B19C-F3EDF02211DF}.Debug|Any CPU.Build.0 = Debug|Any CPU
		{41E36D70-3379-49BF-B19C-F3EDF02211DF}.Release|Any CPU.ActiveCfg = Release|Any CPU
		{41E36D70-3379-49BF-B19C-F3EDF02211DF}.Release|Any CPU.Build.0 = Release|Any CPU
		{7740CE47-2495-4555-A3DB-388BBBA51DAE}.Debug|Any CPU.ActiveCfg = Debug|Any CPU
		{7740CE47-2495-4555-A3DB-388BBBA51DAE}.Debug|Any CPU.Build.0 = Debug|Any CPU
		{7740CE47-2495-4555-A3DB-388BBBA51DAE}.Release|Any CPU.ActiveCfg = Release|Any CPU
		{7740CE47-2495-4555-A3DB-388BBBA51DAE}.Release|Any CPU.Build.0 = Release|Any CPU
		{46B98E32-44BE-4A79-BC50-4A9A556B3DC2}.Debug|Any CPU.ActiveCfg = Debug|Any CPU
		{46B98E32-44BE-4A79-BC50-4A9A556B3DC2}.Debug|Any CPU.Build.0 = Debug|Any CPU
		{46B98E32-44BE-4A79-BC50-4A9A556B3DC2}.Release|Any CPU.ActiveCfg = Release|Any CPU
		{46B98E32-44BE-4A79-BC50-4A9A556B3DC2}.Release|Any CPU.Build.0 = Release|Any CPU
		{D317A0BF-A584-4F32-AE21-49989923D3A3}.Debug|Any CPU.ActiveCfg = Debug|Any CPU
		{D317A0BF-A584-4F32-AE21-49989923D3A3}.Debug|Any CPU.Build.0 = Debug|Any CPU
		{D317A0BF-A584-4F32-AE21-49989923D3A3}.Release|Any CPU.ActiveCfg = Release|Any CPU
		{D317A0BF-A584-4F32-AE21-49989923D3A3}.Release|Any CPU.Build.0 = Release|Any CPU
		{4B8A118A-8DC9-46CE-A3C8-CB45C96DFAE3}.Debug|Any CPU.ActiveCfg = Debug|Any CPU
		{4B8A118A-8DC9-46CE-A3C8-CB45C96DFAE3}.Debug|Any CPU.Build.0 = Debug|Any CPU
		{4B8A118A-8DC9-46CE-A3C8-CB45C96DFAE3}.Release|Any CPU.ActiveCfg = Release|Any CPU
		{4B8A118A-8DC9-46CE-A3C8-CB45C96DFAE3}.Release|Any CPU.Build.0 = Release|Any CPU
		{3C7F4E75-EA6F-4F20-AB3A-30614A868408}.Debug|Any CPU.ActiveCfg = Debug|Any CPU
		{3C7F4E75-EA6F-4F20-AB3A-30614A868408}.Debug|Any CPU.Build.0 = Debug|Any CPU
		{3C7F4E75-EA6F-4F20-AB3A-30614A868408}.Release|Any CPU.ActiveCfg = Release|Any CPU
		{3C7F4E75-EA6F-4F20-AB3A-30614A868408}.Release|Any CPU.Build.0 = Release|Any CPU
		{B2104C22-FC60-46B0-B718-5D1986D1D3F5}.Debug|Any CPU.ActiveCfg = Debug|Any CPU
		{B2104C22-FC60-46B0-B718-5D1986D1D3F5}.Debug|Any CPU.Build.0 = Debug|Any CPU
		{B2104C22-FC60-46B0-B718-5D1986D1D3F5}.Release|Any CPU.ActiveCfg = Release|Any CPU
		{B2104C22-FC60-46B0-B718-5D1986D1D3F5}.Release|Any CPU.Build.0 = Release|Any CPU
		{209EDA58-346D-4D84-B10A-116C0F6ADBCC}.Debug|Any CPU.ActiveCfg = Debug|Any CPU
		{209EDA58-346D-4D84-B10A-116C0F6ADBCC}.Debug|Any CPU.Build.0 = Debug|Any CPU
		{209EDA58-346D-4D84-B10A-116C0F6ADBCC}.Release|Any CPU.ActiveCfg = Release|Any CPU
		{209EDA58-346D-4D84-B10A-116C0F6ADBCC}.Release|Any CPU.Build.0 = Release|Any CPU
		{5FD29D73-5C7D-491A-B1A8-E5CA9EF96CEB}.Debug|Any CPU.ActiveCfg = Debug|Any CPU
		{5FD29D73-5C7D-491A-B1A8-E5CA9EF96CEB}.Debug|Any CPU.Build.0 = Debug|Any CPU
		{5FD29D73-5C7D-491A-B1A8-E5CA9EF96CEB}.Release|Any CPU.ActiveCfg = Release|Any CPU
		{5FD29D73-5C7D-491A-B1A8-E5CA9EF96CEB}.Release|Any CPU.Build.0 = Release|Any CPU
		{4E7308F8-B475-4D44-B88D-80939EF38FDD}.Debug|Any CPU.ActiveCfg = Debug|Any CPU
		{4E7308F8-B475-4D44-B88D-80939EF38FDD}.Debug|Any CPU.Build.0 = Debug|Any CPU
		{4E7308F8-B475-4D44-B88D-80939EF38FDD}.Release|Any CPU.ActiveCfg = Release|Any CPU
		{4E7308F8-B475-4D44-B88D-80939EF38FDD}.Release|Any CPU.Build.0 = Release|Any CPU
		{8BB2D079-8080-4912-9370-134D7B6837FE}.Debug|Any CPU.ActiveCfg = Debug|Any CPU
		{8BB2D079-8080-4912-9370-134D7B6837FE}.Debug|Any CPU.Build.0 = Debug|Any CPU
		{8BB2D079-8080-4912-9370-134D7B6837FE}.Release|Any CPU.ActiveCfg = Release|Any CPU
		{8BB2D079-8080-4912-9370-134D7B6837FE}.Release|Any CPU.Build.0 = Release|Any CPU
		{F49217CD-AFDD-4A2A-B7F5-7CDF1572AF10}.Debug|Any CPU.ActiveCfg = Debug|Any CPU
		{F49217CD-AFDD-4A2A-B7F5-7CDF1572AF10}.Debug|Any CPU.Build.0 = Debug|Any CPU
		{F49217CD-AFDD-4A2A-B7F5-7CDF1572AF10}.Release|Any CPU.ActiveCfg = Release|Any CPU
		{F49217CD-AFDD-4A2A-B7F5-7CDF1572AF10}.Release|Any CPU.Build.0 = Release|Any CPU
		{593E38B0-2805-41FC-88DA-F6089CC452B7}.Debug|Any CPU.ActiveCfg = Debug|Any CPU
		{593E38B0-2805-41FC-88DA-F6089CC452B7}.Debug|Any CPU.Build.0 = Debug|Any CPU
		{593E38B0-2805-41FC-88DA-F6089CC452B7}.Release|Any CPU.ActiveCfg = Release|Any CPU
		{593E38B0-2805-41FC-88DA-F6089CC452B7}.Release|Any CPU.Build.0 = Release|Any CPU
		{B87CE8A5-2C42-48B4-A2A4-CB19DE414FA9}.Debug|Any CPU.ActiveCfg = Debug|Any CPU
		{B87CE8A5-2C42-48B4-A2A4-CB19DE414FA9}.Debug|Any CPU.Build.0 = Debug|Any CPU
		{B87CE8A5-2C42-48B4-A2A4-CB19DE414FA9}.Release|Any CPU.ActiveCfg = Release|Any CPU
		{B87CE8A5-2C42-48B4-A2A4-CB19DE414FA9}.Release|Any CPU.Build.0 = Release|Any CPU
		{83E4F461-3C88-4522-B827-F00FE3896666}.Debug|Any CPU.ActiveCfg = Debug|Any CPU
		{83E4F461-3C88-4522-B827-F00FE3896666}.Debug|Any CPU.Build.0 = Debug|Any CPU
		{83E4F461-3C88-4522-B827-F00FE3896666}.Release|Any CPU.ActiveCfg = Release|Any CPU
		{83E4F461-3C88-4522-B827-F00FE3896666}.Release|Any CPU.Build.0 = Release|Any CPU
		{CDD71BCC-636B-4E6D-84F3-45BEC69A0A1D}.Debug|Any CPU.ActiveCfg = Debug|Any CPU
		{CDD71BCC-636B-4E6D-84F3-45BEC69A0A1D}.Debug|Any CPU.Build.0 = Debug|Any CPU
		{CDD71BCC-636B-4E6D-84F3-45BEC69A0A1D}.Release|Any CPU.ActiveCfg = Release|Any CPU
		{CDD71BCC-636B-4E6D-84F3-45BEC69A0A1D}.Release|Any CPU.Build.0 = Release|Any CPU
		{209DD529-D9D6-4DC7-8846-F6B7A3520E9D}.Debug|Any CPU.ActiveCfg = Debug|Any CPU
		{209DD529-D9D6-4DC7-8846-F6B7A3520E9D}.Debug|Any CPU.Build.0 = Debug|Any CPU
		{209DD529-D9D6-4DC7-8846-F6B7A3520E9D}.Release|Any CPU.ActiveCfg = Release|Any CPU
		{209DD529-D9D6-4DC7-8846-F6B7A3520E9D}.Release|Any CPU.Build.0 = Release|Any CPU
		{9E352A06-A31E-474F-94C4-A4CC9DD44858}.Debug|Any CPU.ActiveCfg = Debug|Any CPU
		{9E352A06-A31E-474F-94C4-A4CC9DD44858}.Debug|Any CPU.Build.0 = Debug|Any CPU
		{9E352A06-A31E-474F-94C4-A4CC9DD44858}.Release|Any CPU.ActiveCfg = Release|Any CPU
		{9E352A06-A31E-474F-94C4-A4CC9DD44858}.Release|Any CPU.Build.0 = Release|Any CPU
		{A4DF04CD-3F1F-476D-8446-7FA81B06A13C}.Debug|Any CPU.ActiveCfg = Debug|Any CPU
		{A4DF04CD-3F1F-476D-8446-7FA81B06A13C}.Debug|Any CPU.Build.0 = Debug|Any CPU
		{A4DF04CD-3F1F-476D-8446-7FA81B06A13C}.Release|Any CPU.ActiveCfg = Release|Any CPU
		{A4DF04CD-3F1F-476D-8446-7FA81B06A13C}.Release|Any CPU.Build.0 = Release|Any CPU
		{D273477A-DDEE-4CBC-99B1-64CB3F5A85DB}.Debug|Any CPU.ActiveCfg = Debug|Any CPU
		{D273477A-DDEE-4CBC-99B1-64CB3F5A85DB}.Debug|Any CPU.Build.0 = Debug|Any CPU
		{D273477A-DDEE-4CBC-99B1-64CB3F5A85DB}.Release|Any CPU.ActiveCfg = Release|Any CPU
		{D273477A-DDEE-4CBC-99B1-64CB3F5A85DB}.Release|Any CPU.Build.0 = Release|Any CPU
		{D2A091E4-537B-46FD-813D-C562C95E9CCA}.Debug|Any CPU.ActiveCfg = Debug|Any CPU
		{D2A091E4-537B-46FD-813D-C562C95E9CCA}.Debug|Any CPU.Build.0 = Debug|Any CPU
		{D2A091E4-537B-46FD-813D-C562C95E9CCA}.Release|Any CPU.ActiveCfg = Release|Any CPU
		{D2A091E4-537B-46FD-813D-C562C95E9CCA}.Release|Any CPU.Build.0 = Release|Any CPU
		{286D43CC-9856-40F1-A8FE-910372DDBE4D}.Debug|Any CPU.ActiveCfg = Debug|Any CPU
		{286D43CC-9856-40F1-A8FE-910372DDBE4D}.Debug|Any CPU.Build.0 = Debug|Any CPU
		{286D43CC-9856-40F1-A8FE-910372DDBE4D}.Release|Any CPU.ActiveCfg = Release|Any CPU
		{286D43CC-9856-40F1-A8FE-910372DDBE4D}.Release|Any CPU.Build.0 = Release|Any CPU
		{F6D92340-D462-4504-86F5-5301C40E66FD}.Debug|Any CPU.ActiveCfg = Debug|Any CPU
		{F6D92340-D462-4504-86F5-5301C40E66FD}.Debug|Any CPU.Build.0 = Debug|Any CPU
		{F6D92340-D462-4504-86F5-5301C40E66FD}.Release|Any CPU.ActiveCfg = Release|Any CPU
		{F6D92340-D462-4504-86F5-5301C40E66FD}.Release|Any CPU.Build.0 = Release|Any CPU
		{E2BEEF14-F167-47D0-BEBA-742828CC98D1}.Debug|Any CPU.ActiveCfg = Debug|Any CPU
		{E2BEEF14-F167-47D0-BEBA-742828CC98D1}.Debug|Any CPU.Build.0 = Debug|Any CPU
		{E2BEEF14-F167-47D0-BEBA-742828CC98D1}.Release|Any CPU.ActiveCfg = Release|Any CPU
		{E2BEEF14-F167-47D0-BEBA-742828CC98D1}.Release|Any CPU.Build.0 = Release|Any CPU
		{53ED80D6-B4F7-4CD6-AF7A-BE93C47BDB2A}.Debug|Any CPU.ActiveCfg = Debug|Any CPU
		{53ED80D6-B4F7-4CD6-AF7A-BE93C47BDB2A}.Debug|Any CPU.Build.0 = Debug|Any CPU
		{53ED80D6-B4F7-4CD6-AF7A-BE93C47BDB2A}.Release|Any CPU.ActiveCfg = Release|Any CPU
		{53ED80D6-B4F7-4CD6-AF7A-BE93C47BDB2A}.Release|Any CPU.Build.0 = Release|Any CPU
		{8496EC39-FC16-426E-9816-50A2E0E6EA03}.Debug|Any CPU.ActiveCfg = Debug|Any CPU
		{8496EC39-FC16-426E-9816-50A2E0E6EA03}.Debug|Any CPU.Build.0 = Debug|Any CPU
		{8496EC39-FC16-426E-9816-50A2E0E6EA03}.Release|Any CPU.ActiveCfg = Release|Any CPU
		{8496EC39-FC16-426E-9816-50A2E0E6EA03}.Release|Any CPU.Build.0 = Release|Any CPU
		{9FC9D1AD-6A07-458E-BC4A-CF43C4922327}.Debug|Any CPU.ActiveCfg = Debug|Any CPU
		{9FC9D1AD-6A07-458E-BC4A-CF43C4922327}.Debug|Any CPU.Build.0 = Debug|Any CPU
		{9FC9D1AD-6A07-458E-BC4A-CF43C4922327}.Release|Any CPU.ActiveCfg = Release|Any CPU
		{9FC9D1AD-6A07-458E-BC4A-CF43C4922327}.Release|Any CPU.Build.0 = Release|Any CPU
		{E1002609-D302-4D1B-B099-3C2427BF141D}.Debug|Any CPU.ActiveCfg = Debug|Any CPU
		{E1002609-D302-4D1B-B099-3C2427BF141D}.Debug|Any CPU.Build.0 = Debug|Any CPU
		{E1002609-D302-4D1B-B099-3C2427BF141D}.Release|Any CPU.ActiveCfg = Release|Any CPU
		{E1002609-D302-4D1B-B099-3C2427BF141D}.Release|Any CPU.Build.0 = Release|Any CPU
		{254C834B-80CB-4E1D-978B-BFF7054E0865}.Debug|Any CPU.ActiveCfg = Debug|Any CPU
		{254C834B-80CB-4E1D-978B-BFF7054E0865}.Debug|Any CPU.Build.0 = Debug|Any CPU
		{254C834B-80CB-4E1D-978B-BFF7054E0865}.Release|Any CPU.ActiveCfg = Release|Any CPU
		{254C834B-80CB-4E1D-978B-BFF7054E0865}.Release|Any CPU.Build.0 = Release|Any CPU
		{A5A5BC37-C263-4DF6-BE53-FD0DEC5A6147}.Debug|Any CPU.ActiveCfg = Debug|Any CPU
		{A5A5BC37-C263-4DF6-BE53-FD0DEC5A6147}.Debug|Any CPU.Build.0 = Debug|Any CPU
		{A5A5BC37-C263-4DF6-BE53-FD0DEC5A6147}.Release|Any CPU.ActiveCfg = Release|Any CPU
		{A5A5BC37-C263-4DF6-BE53-FD0DEC5A6147}.Release|Any CPU.Build.0 = Release|Any CPU
		{7E5E30BD-394F-464F-97FB-7E39B8698C42}.Debug|Any CPU.ActiveCfg = Debug|Any CPU
		{7E5E30BD-394F-464F-97FB-7E39B8698C42}.Debug|Any CPU.Build.0 = Debug|Any CPU
		{7E5E30BD-394F-464F-97FB-7E39B8698C42}.Release|Any CPU.ActiveCfg = Release|Any CPU
		{7E5E30BD-394F-464F-97FB-7E39B8698C42}.Release|Any CPU.Build.0 = Release|Any CPU
		{6D4F8AEC-DF18-4A5E-9F00-C39E7E559F7C}.Debug|Any CPU.ActiveCfg = Debug|Any CPU
		{6D4F8AEC-DF18-4A5E-9F00-C39E7E559F7C}.Debug|Any CPU.Build.0 = Debug|Any CPU
		{6D4F8AEC-DF18-4A5E-9F00-C39E7E559F7C}.Release|Any CPU.ActiveCfg = Release|Any CPU
		{6D4F8AEC-DF18-4A5E-9F00-C39E7E559F7C}.Release|Any CPU.Build.0 = Release|Any CPU
		{9918DC4A-5D48-4398-BA34-C367A3B6064A}.Debug|Any CPU.ActiveCfg = Debug|Any CPU
		{9918DC4A-5D48-4398-BA34-C367A3B6064A}.Debug|Any CPU.Build.0 = Debug|Any CPU
		{9918DC4A-5D48-4398-BA34-C367A3B6064A}.Release|Any CPU.ActiveCfg = Release|Any CPU
		{9918DC4A-5D48-4398-BA34-C367A3B6064A}.Release|Any CPU.Build.0 = Release|Any CPU
		{970AFA9E-C337-4B2C-88BD-44889E60BA10}.Debug|Any CPU.ActiveCfg = Debug|Any CPU
		{970AFA9E-C337-4B2C-88BD-44889E60BA10}.Debug|Any CPU.Build.0 = Debug|Any CPU
		{970AFA9E-C337-4B2C-88BD-44889E60BA10}.Release|Any CPU.ActiveCfg = Release|Any CPU
		{970AFA9E-C337-4B2C-88BD-44889E60BA10}.Release|Any CPU.Build.0 = Release|Any CPU
		{B1A91B0F-1DEC-42DC-A3C0-5D5C9D63E88A}.Debug|Any CPU.ActiveCfg = Debug|Any CPU
		{B1A91B0F-1DEC-42DC-A3C0-5D5C9D63E88A}.Debug|Any CPU.Build.0 = Debug|Any CPU
		{B1A91B0F-1DEC-42DC-A3C0-5D5C9D63E88A}.Release|Any CPU.ActiveCfg = Release|Any CPU
		{B1A91B0F-1DEC-42DC-A3C0-5D5C9D63E88A}.Release|Any CPU.Build.0 = Release|Any CPU
		{6B1508C6-5DD3-4BAE-AA2E-FADF891C85A1}.Debug|Any CPU.ActiveCfg = Debug|Any CPU
		{6B1508C6-5DD3-4BAE-AA2E-FADF891C85A1}.Debug|Any CPU.Build.0 = Debug|Any CPU
		{6B1508C6-5DD3-4BAE-AA2E-FADF891C85A1}.Release|Any CPU.ActiveCfg = Release|Any CPU
		{6B1508C6-5DD3-4BAE-AA2E-FADF891C85A1}.Release|Any CPU.Build.0 = Release|Any CPU
	EndGlobalSection
	GlobalSection(SolutionProperties) = preSolution
		HideSolutionNode = FALSE
	EndGlobalSection
	GlobalSection(NestedProjects) = preSolution
		{41E36D70-3379-49BF-B19C-F3EDF02211DF} = {50B08A5F-CC6D-472D-B447-2440A78D935B}
		{7740CE47-2495-4555-A3DB-388BBBA51DAE} = {50B08A5F-CC6D-472D-B447-2440A78D935B}
		{46B98E32-44BE-4A79-BC50-4A9A556B3DC2} = {50B08A5F-CC6D-472D-B447-2440A78D935B}
		{D317A0BF-A584-4F32-AE21-49989923D3A3} = {50B08A5F-CC6D-472D-B447-2440A78D935B}
		{4B8A118A-8DC9-46CE-A3C8-CB45C96DFAE3} = {50B08A5F-CC6D-472D-B447-2440A78D935B}
		{3C7F4E75-EA6F-4F20-AB3A-30614A868408} = {50B08A5F-CC6D-472D-B447-2440A78D935B}
		{B2104C22-FC60-46B0-B718-5D1986D1D3F5} = {50B08A5F-CC6D-472D-B447-2440A78D935B}
		{209EDA58-346D-4D84-B10A-116C0F6ADBCC} = {6DCDC158-78B0-4E8E-911A-1D0C4424F123}
		{5FD29D73-5C7D-491A-B1A8-E5CA9EF96CEB} = {6DCDC158-78B0-4E8E-911A-1D0C4424F123}
		{4E7308F8-B475-4D44-B88D-80939EF38FDD} = {6DCDC158-78B0-4E8E-911A-1D0C4424F123}
		{8BB2D079-8080-4912-9370-134D7B6837FE} = {6DCDC158-78B0-4E8E-911A-1D0C4424F123}
		{F49217CD-AFDD-4A2A-B7F5-7CDF1572AF10} = {6DCDC158-78B0-4E8E-911A-1D0C4424F123}
		{593E38B0-2805-41FC-88DA-F6089CC452B7} = {AE96F989-81AF-4AC0-B125-52DE077480E7}
		{B87CE8A5-2C42-48B4-A2A4-CB19DE414FA9} = {AE96F989-81AF-4AC0-B125-52DE077480E7}
		{83E4F461-3C88-4522-B827-F00FE3896666} = {AE96F989-81AF-4AC0-B125-52DE077480E7}
		{CDD71BCC-636B-4E6D-84F3-45BEC69A0A1D} = {AE96F989-81AF-4AC0-B125-52DE077480E7}
		{209DD529-D9D6-4DC7-8846-F6B7A3520E9D} = {AE96F989-81AF-4AC0-B125-52DE077480E7}
		{394368C1-85F8-439B-8EA7-9114AE712472} = {C627CDBA-375A-43EB-8E7F-4B9ED92CE741}
		{9E352A06-A31E-474F-94C4-A4CC9DD44858} = {394368C1-85F8-439B-8EA7-9114AE712472}
		{A4DF04CD-3F1F-476D-8446-7FA81B06A13C} = {394368C1-85F8-439B-8EA7-9114AE712472}
		{D273477A-DDEE-4CBC-99B1-64CB3F5A85DB} = {394368C1-85F8-439B-8EA7-9114AE712472}
		{D2A091E4-537B-46FD-813D-C562C95E9CCA} = {394368C1-85F8-439B-8EA7-9114AE712472}
		{286D43CC-9856-40F1-A8FE-910372DDBE4D} = {394368C1-85F8-439B-8EA7-9114AE712472}
		{F6D92340-D462-4504-86F5-5301C40E66FD} = {394368C1-85F8-439B-8EA7-9114AE712472}
		{E2BEEF14-F167-47D0-BEBA-742828CC98D1} = {394368C1-85F8-439B-8EA7-9114AE712472}
		{8351F183-B722-4F10-B66C-D70011B1456E} = {C627CDBA-375A-43EB-8E7F-4B9ED92CE741}
		{53ED80D6-B4F7-4CD6-AF7A-BE93C47BDB2A} = {8351F183-B722-4F10-B66C-D70011B1456E}
		{8496EC39-FC16-426E-9816-50A2E0E6EA03} = {8351F183-B722-4F10-B66C-D70011B1456E}
		{8B60AC98-92D1-48B1-A69E-9D8CC34CD9A0} = {C627CDBA-375A-43EB-8E7F-4B9ED92CE741}
		{9FC9D1AD-6A07-458E-BC4A-CF43C4922327} = {8B60AC98-92D1-48B1-A69E-9D8CC34CD9A0}
		{E1002609-D302-4D1B-B099-3C2427BF141D} = {8B60AC98-92D1-48B1-A69E-9D8CC34CD9A0}
		{254C834B-80CB-4E1D-978B-BFF7054E0865} = {8B60AC98-92D1-48B1-A69E-9D8CC34CD9A0}
		{A5A5BC37-C263-4DF6-BE53-FD0DEC5A6147} = {8B60AC98-92D1-48B1-A69E-9D8CC34CD9A0}
		{7E5E30BD-394F-464F-97FB-7E39B8698C42} = {8B60AC98-92D1-48B1-A69E-9D8CC34CD9A0}
		{21D83A16-B170-4A94-BE27-62592E4A4B24} = {C627CDBA-375A-43EB-8E7F-4B9ED92CE741}
		{6D4F8AEC-DF18-4A5E-9F00-C39E7E559F7C} = {21D83A16-B170-4A94-BE27-62592E4A4B24}
		{9918DC4A-5D48-4398-BA34-C367A3B6064A} = {21D83A16-B170-4A94-BE27-62592E4A4B24}
		{970AFA9E-C337-4B2C-88BD-44889E60BA10} = {21D83A16-B170-4A94-BE27-62592E4A4B24}
		{B1A91B0F-1DEC-42DC-A3C0-5D5C9D63E88A} = {21D83A16-B170-4A94-BE27-62592E4A4B24}
		{6B1508C6-5DD3-4BAE-AA2E-FADF891C85A1} = {21D83A16-B170-4A94-BE27-62592E4A4B24}
	EndGlobalSection
	GlobalSection(ExtensibilityGlobals) = postSolution
		SolutionGuid = {1DFE7B52-6F3B-40E1-A0C4-3E62D080A415}
	EndGlobalSection
EndGlobal
